// !$*UTF8*$!
{
	archiveVersion = 1;
	classes = {
	};
	objectVersion = 54;
	objects = {

/* Begin PBXBuildFile section */
		0679FEC63BF1B6F87BF90E48 /* libPods-ReactNativeBoilerplateCommonPods-ReactNativeBoilerplateUAT.a in Frameworks */ = {isa = PBXBuildFile; fileRef = 90B59F8607638C92A7B0E537 /* libPods-ReactNativeBoilerplateCommonPods-ReactNativeBoilerplateUAT.a */; };
		13B07FBC1A68108700A75B9A /* AppDelegate.mm in Sources */ = {isa = PBXBuildFile; fileRef = 13B07FB01A68108700A75B9A /* AppDelegate.mm */; };
		13B07FBF1A68108700A75B9A /* Images.xcassets in Resources */ = {isa = PBXBuildFile; fileRef = 13B07FB51A68108700A75B9A /* Images.xcassets */; };
		13B07FC11A68108700A75B9A /* main.m in Sources */ = {isa = PBXBuildFile; fileRef = 13B07FB71A68108700A75B9A /* main.m */; };
		2302DE321C2A47099BB8B7AF /* SFProText-LightItalic.otf in Resources */ = {isa = PBXBuildFile; fileRef = 95C70F7FA6C24BA68BB5C3E8 /* SFProText-LightItalic.otf */; };
		30BD9EE662618F571E2159A4 /* libPods-ReactNativeBoilerplateCommonPods-ReactNativeBoilerplateTests.a in Frameworks */ = {isa = PBXBuildFile; fileRef = 88C18AFD35A050A626DABC64 /* libPods-ReactNativeBoilerplateCommonPods-ReactNativeBoilerplateTests.a */; };
		350C42E1768B43FA874965AA /* SFProText-Light.otf in Resources */ = {isa = PBXBuildFile; fileRef = A678708F0DFA46F18132CEF7 /* SFProText-Light.otf */; };
		40B56319E19D48A69AD513F9 /* SFProText-HeavyItalic.otf in Resources */ = {isa = PBXBuildFile; fileRef = 73A31BAF485A4EE3BA2C246B /* SFProText-HeavyItalic.otf */; };
		492DD8AB0F3AE73360187305 /* libPods-ReactNativeBoilerplateCommonPods-ReactNativeBoilerplate.a in Frameworks */ = {isa = PBXBuildFile; fileRef = C422ABA24EC11514727281FE /* libPods-ReactNativeBoilerplateCommonPods-ReactNativeBoilerplate.a */; };
		785E3557F151491EA07C27C8 /* SFProText-Semibold.otf in Resources */ = {isa = PBXBuildFile; fileRef = D4B673076B144138B8E42AB0 /* SFProText-Semibold.otf */; };
		7E64E7D11ADE40CC9C6A9D60 /* SFProText-SemiboldItalic.otf in Resources */ = {isa = PBXBuildFile; fileRef = 76D73290738B4ED1917E77E0 /* SFProText-SemiboldItalic.otf */; };
		80DBAF52CBCC436C9F473D20 /* SFProText-Bold.otf in Resources */ = {isa = PBXBuildFile; fileRef = F4D026E8EC744F8183F69342 /* SFProText-Bold.otf */; };
		81AB9BB82411601600AC10FF /* LaunchScreen.storyboard in Resources */ = {isa = PBXBuildFile; fileRef = 81AB9BB72411601600AC10FF /* LaunchScreen.storyboard */; };
		931F251E02E84B0C8397EB5D /* SFProText-Italic.otf in Resources */ = {isa = PBXBuildFile; fileRef = CB3737ADCBA94D51BF480E77 /* SFProText-Italic.otf */; };
		A62BE6EA6D664018BF5378D5 /* SFProText-MediumItalic.otf in Resources */ = {isa = PBXBuildFile; fileRef = 8C72958D089C4B9E9453DB0F /* SFProText-MediumItalic.otf */; };
		B19BDA2282CBC809F359D6E4 /* libPods-ReactNativeBoilerplateCommonPods-ReactNativeBoilerplateDev.a in Frameworks */ = {isa = PBXBuildFile; fileRef = 99336FD0C074B7A6D3F77623 /* libPods-ReactNativeBoilerplateCommonPods-ReactNativeBoilerplateDev.a */; };
		B2B2995C59404F40A22A4973 /* SFProText-BoldItalic.otf in Resources */ = {isa = PBXBuildFile; fileRef = 943F1AD2F75C4FE88023F927 /* SFProText-BoldItalic.otf */; };
		B7CA1671ED2046AF80295708 /* SFProText-Regular.otf in Resources */ = {isa = PBXBuildFile; fileRef = A9E07F3D60F148EBBB04F6DB /* SFProText-Regular.otf */; };
		BE655D5D5D674A009E65D9C4 /* SFProText-Medium.otf in Resources */ = {isa = PBXBuildFile; fileRef = 4845C46D18614D5894A8ABB5 /* SFProText-Medium.otf */; };
		D12C9AF52AFAA5CF006C0B0B /* AppDelegate.mm in Sources */ = {isa = PBXBuildFile; fileRef = 13B07FB01A68108700A75B9A /* AppDelegate.mm */; };
		D12C9AF62AFAA5CF006C0B0B /* main.m in Sources */ = {isa = PBXBuildFile; fileRef = 13B07FB71A68108700A75B9A /* main.m */; };
		D12C9AFA2AFAA5CF006C0B0B /* LaunchScreen.storyboard in Resources */ = {isa = PBXBuildFile; fileRef = 81AB9BB72411601600AC10FF /* LaunchScreen.storyboard */; };
		D12C9AFB2AFAA5CF006C0B0B /* Images.xcassets in Resources */ = {isa = PBXBuildFile; fileRef = 13B07FB51A68108700A75B9A /* Images.xcassets */; };
		D12C9B082AFAA5F6006C0B0B /* AppDelegate.mm in Sources */ = {isa = PBXBuildFile; fileRef = 13B07FB01A68108700A75B9A /* AppDelegate.mm */; };
		D12C9B092AFAA5F6006C0B0B /* main.m in Sources */ = {isa = PBXBuildFile; fileRef = 13B07FB71A68108700A75B9A /* main.m */; };
		D12C9B0D2AFAA5F6006C0B0B /* LaunchScreen.storyboard in Resources */ = {isa = PBXBuildFile; fileRef = 81AB9BB72411601600AC10FF /* LaunchScreen.storyboard */; };
		D12C9B0E2AFAA5F6006C0B0B /* Images.xcassets in Resources */ = {isa = PBXBuildFile; fileRef = 13B07FB51A68108700A75B9A /* Images.xcassets */; };
		D190019E2B158F4600A867AE /* SFProText-Bold.otf in Resources */ = {isa = PBXBuildFile; fileRef = F4D026E8EC744F8183F69342 /* SFProText-Bold.otf */; };
		D190019F2B158F4600A867AE /* SFProText-BoldItalic.otf in Resources */ = {isa = PBXBuildFile; fileRef = 943F1AD2F75C4FE88023F927 /* SFProText-BoldItalic.otf */; };
		D19001A02B158F4600A867AE /* SFProText-Heavy.otf in Resources */ = {isa = PBXBuildFile; fileRef = C66A5C212E0F4030A3FBF55A /* SFProText-Heavy.otf */; };
		D19001A12B158F4600A867AE /* SFProText-HeavyItalic.otf in Resources */ = {isa = PBXBuildFile; fileRef = 73A31BAF485A4EE3BA2C246B /* SFProText-HeavyItalic.otf */; };
		D19001A22B158F4600A867AE /* SFProText-Italic.otf in Resources */ = {isa = PBXBuildFile; fileRef = CB3737ADCBA94D51BF480E77 /* SFProText-Italic.otf */; };
		D19001A32B158F4600A867AE /* SFProText-Light.otf in Resources */ = {isa = PBXBuildFile; fileRef = A678708F0DFA46F18132CEF7 /* SFProText-Light.otf */; };
		D19001A42B158F4600A867AE /* SFProText-LightItalic.otf in Resources */ = {isa = PBXBuildFile; fileRef = 95C70F7FA6C24BA68BB5C3E8 /* SFProText-LightItalic.otf */; };
		D19001A52B158F4600A867AE /* SFProText-Medium.otf in Resources */ = {isa = PBXBuildFile; fileRef = 4845C46D18614D5894A8ABB5 /* SFProText-Medium.otf */; };
		D19001A62B158F4600A867AE /* SFProText-MediumItalic.otf in Resources */ = {isa = PBXBuildFile; fileRef = 8C72958D089C4B9E9453DB0F /* SFProText-MediumItalic.otf */; };
		D19001A72B158F4600A867AE /* SFProText-Regular.otf in Resources */ = {isa = PBXBuildFile; fileRef = A9E07F3D60F148EBBB04F6DB /* SFProText-Regular.otf */; };
		D19001A82B158F4600A867AE /* SFProText-Semibold.otf in Resources */ = {isa = PBXBuildFile; fileRef = D4B673076B144138B8E42AB0 /* SFProText-Semibold.otf */; };
		D19001A92B158F4600A867AE /* SFProText-SemiboldItalic.otf in Resources */ = {isa = PBXBuildFile; fileRef = 76D73290738B4ED1917E77E0 /* SFProText-SemiboldItalic.otf */; };
		D19001AA2B158F5000A867AE /* SFProText-Bold.otf in Resources */ = {isa = PBXBuildFile; fileRef = F4D026E8EC744F8183F69342 /* SFProText-Bold.otf */; };
		D19001AB2B158F5000A867AE /* SFProText-BoldItalic.otf in Resources */ = {isa = PBXBuildFile; fileRef = 943F1AD2F75C4FE88023F927 /* SFProText-BoldItalic.otf */; };
		D19001AC2B158F5000A867AE /* SFProText-Heavy.otf in Resources */ = {isa = PBXBuildFile; fileRef = C66A5C212E0F4030A3FBF55A /* SFProText-Heavy.otf */; };
		D19001AD2B158F5000A867AE /* SFProText-HeavyItalic.otf in Resources */ = {isa = PBXBuildFile; fileRef = 73A31BAF485A4EE3BA2C246B /* SFProText-HeavyItalic.otf */; };
		D19001AE2B158F5000A867AE /* SFProText-Italic.otf in Resources */ = {isa = PBXBuildFile; fileRef = CB3737ADCBA94D51BF480E77 /* SFProText-Italic.otf */; };
		D19001AF2B158F5000A867AE /* SFProText-Light.otf in Resources */ = {isa = PBXBuildFile; fileRef = A678708F0DFA46F18132CEF7 /* SFProText-Light.otf */; };
		D19001B02B158F5000A867AE /* SFProText-LightItalic.otf in Resources */ = {isa = PBXBuildFile; fileRef = 95C70F7FA6C24BA68BB5C3E8 /* SFProText-LightItalic.otf */; };
		D19001B12B158F5000A867AE /* SFProText-Medium.otf in Resources */ = {isa = PBXBuildFile; fileRef = 4845C46D18614D5894A8ABB5 /* SFProText-Medium.otf */; };
		D19001B22B158F5000A867AE /* SFProText-MediumItalic.otf in Resources */ = {isa = PBXBuildFile; fileRef = 8C72958D089C4B9E9453DB0F /* SFProText-MediumItalic.otf */; };
		D19001B32B158F5000A867AE /* SFProText-Regular.otf in Resources */ = {isa = PBXBuildFile; fileRef = A9E07F3D60F148EBBB04F6DB /* SFProText-Regular.otf */; };
		D19001B42B158F5000A867AE /* SFProText-Semibold.otf in Resources */ = {isa = PBXBuildFile; fileRef = D4B673076B144138B8E42AB0 /* SFProText-Semibold.otf */; };
		D19001B52B158F5000A867AE /* SFProText-SemiboldItalic.otf in Resources */ = {isa = PBXBuildFile; fileRef = 76D73290738B4ED1917E77E0 /* SFProText-SemiboldItalic.otf */; };
		F0684CEBF9FF4477AA13C502 /* SFProText-Heavy.otf in Resources */ = {isa = PBXBuildFile; fileRef = C66A5C212E0F4030A3FBF55A /* SFProText-Heavy.otf */; };
/* End PBXBuildFile section */

/* Begin PBXContainerItemProxy section */
		00E356F41AD99517003FC87E /* PBXContainerItemProxy */ = {
			isa = PBXContainerItemProxy;
			containerPortal = 83CBB9F71A601CBA00E9B192 /* Project object */;
			proxyType = 1;
			remoteGlobalIDString = 13B07F861A680F5B00A75B9A;
			remoteInfo = ReactNativeBoilerplate;
		};
/* End PBXContainerItemProxy section */

/* Begin PBXFileReference section */
		00E356EE1AD99517003FC87E /* ReactNativeBoilerplateTests.xctest */ = {isa = PBXFileReference; explicitFileType = wrapper.cfbundle; includeInIndex = 0; path = ReactNativeBoilerplateTests.xctest; sourceTree = BUILT_PRODUCTS_DIR; };
		13B07F961A680F5B00A75B9A /* ReactNativeBoilerplate.app */ = {isa = PBXFileReference; explicitFileType = wrapper.application; includeInIndex = 0; path = ReactNativeBoilerplate.app; sourceTree = BUILT_PRODUCTS_DIR; };
		13B07FAF1A68108700A75B9A /* AppDelegate.h */ = {isa = PBXFileReference; fileEncoding = 4; lastKnownFileType = sourcecode.c.h; name = AppDelegate.h; path = ReactNativeBoilerplate/AppDelegate.h; sourceTree = "<group>"; };
		13B07FB01A68108700A75B9A /* AppDelegate.mm */ = {isa = PBXFileReference; fileEncoding = 4; lastKnownFileType = sourcecode.cpp.objcpp; name = AppDelegate.mm; path = ReactNativeBoilerplate/AppDelegate.mm; sourceTree = "<group>"; };
		13B07FB51A68108700A75B9A /* Images.xcassets */ = {isa = PBXFileReference; lastKnownFileType = folder.assetcatalog; name = Images.xcassets; path = ReactNativeBoilerplate/Images.xcassets; sourceTree = "<group>"; };
		13B07FB61A68108700A75B9A /* Info.plist */ = {isa = PBXFileReference; fileEncoding = 4; lastKnownFileType = text.plist.xml; name = Info.plist; path = ReactNativeBoilerplate/Info.plist; sourceTree = "<group>"; };
		13B07FB71A68108700A75B9A /* main.m */ = {isa = PBXFileReference; fileEncoding = 4; lastKnownFileType = sourcecode.c.objc; name = main.m; path = ReactNativeBoilerplate/main.m; sourceTree = "<group>"; };
		247857EF6964DAA6E9BF045C /* Pods-ReactNativeBoilerplateCommonPods-ReactNativeBoilerplate.debug.xcconfig */ = {isa = PBXFileReference; includeInIndex = 1; lastKnownFileType = text.xcconfig; name = "Pods-ReactNativeBoilerplateCommonPods-ReactNativeBoilerplate.debug.xcconfig"; path = "Target Support Files/Pods-ReactNativeBoilerplateCommonPods-ReactNativeBoilerplate/Pods-ReactNativeBoilerplateCommonPods-ReactNativeBoilerplate.debug.xcconfig"; sourceTree = "<group>"; };
		2B68DC2B0641AC28024A0BAA /* Pods-ReactNativeBoilerplateCommonPods-ReactNativeBoilerplateTests.debug.xcconfig */ = {isa = PBXFileReference; includeInIndex = 1; lastKnownFileType = text.xcconfig; name = "Pods-ReactNativeBoilerplateCommonPods-ReactNativeBoilerplateTests.debug.xcconfig"; path = "Target Support Files/Pods-ReactNativeBoilerplateCommonPods-ReactNativeBoilerplateTests/Pods-ReactNativeBoilerplateCommonPods-ReactNativeBoilerplateTests.debug.xcconfig"; sourceTree = "<group>"; };
		3B4392A12AC88292D35C810B /* Pods-ReactNativeBoilerplate.debug.xcconfig */ = {isa = PBXFileReference; includeInIndex = 1; lastKnownFileType = text.xcconfig; name = "Pods-ReactNativeBoilerplate.debug.xcconfig"; path = "Target Support Files/Pods-ReactNativeBoilerplate/Pods-ReactNativeBoilerplate.debug.xcconfig"; sourceTree = "<group>"; };
		4845C46D18614D5894A8ABB5 /* SFProText-Medium.otf */ = {isa = PBXFileReference; explicitFileType = undefined; fileEncoding = 9; includeInIndex = 0; lastKnownFileType = unknown; name = "SFProText-Medium.otf"; path = "../src/assets/fonts/SFProText-Medium.otf"; sourceTree = "<group>"; };
		5709B34CF0A7D63546082F79 /* Pods-ReactNativeBoilerplate.release.xcconfig */ = {isa = PBXFileReference; includeInIndex = 1; lastKnownFileType = text.xcconfig; name = "Pods-ReactNativeBoilerplate.release.xcconfig"; path = "Target Support Files/Pods-ReactNativeBoilerplate/Pods-ReactNativeBoilerplate.release.xcconfig"; sourceTree = "<group>"; };
		5B7EB9410499542E8C5724F5 /* Pods-ReactNativeBoilerplate-ReactNativeBoilerplateTests.debug.xcconfig */ = {isa = PBXFileReference; includeInIndex = 1; lastKnownFileType = text.xcconfig; name = "Pods-ReactNativeBoilerplate-ReactNativeBoilerplateTests.debug.xcconfig"; path = "Target Support Files/Pods-ReactNativeBoilerplate-ReactNativeBoilerplateTests/Pods-ReactNativeBoilerplate-ReactNativeBoilerplateTests.debug.xcconfig"; sourceTree = "<group>"; };
		646548C9AB1817C49E5DC6CD /* Pods-ReactNativeBoilerplateCommonPods-ReactNativeBoilerplateUAT.release.xcconfig */ = {isa = PBXFileReference; includeInIndex = 1; lastKnownFileType = text.xcconfig; name = "Pods-ReactNativeBoilerplateCommonPods-ReactNativeBoilerplateUAT.release.xcconfig"; path = "Target Support Files/Pods-ReactNativeBoilerplateCommonPods-ReactNativeBoilerplateUAT/Pods-ReactNativeBoilerplateCommonPods-ReactNativeBoilerplateUAT.release.xcconfig"; sourceTree = "<group>"; };
		73A31BAF485A4EE3BA2C246B /* SFProText-HeavyItalic.otf */ = {isa = PBXFileReference; explicitFileType = undefined; fileEncoding = 9; includeInIndex = 0; lastKnownFileType = unknown; name = "SFProText-HeavyItalic.otf"; path = "../src/assets/fonts/SFProText-HeavyItalic.otf"; sourceTree = "<group>"; };
		76D73290738B4ED1917E77E0 /* SFProText-SemiboldItalic.otf */ = {isa = PBXFileReference; explicitFileType = undefined; fileEncoding = 9; includeInIndex = 0; lastKnownFileType = unknown; name = "SFProText-SemiboldItalic.otf"; path = "../src/assets/fonts/SFProText-SemiboldItalic.otf"; sourceTree = "<group>"; };
		77B0EA2D88E417CBCC501A01 /* Pods-ReactNativeBoilerplateCommonPods-ReactNativeBoilerplateTests.release.xcconfig */ = {isa = PBXFileReference; includeInIndex = 1; lastKnownFileType = text.xcconfig; name = "Pods-ReactNativeBoilerplateCommonPods-ReactNativeBoilerplateTests.release.xcconfig"; path = "Target Support Files/Pods-ReactNativeBoilerplateCommonPods-ReactNativeBoilerplateTests/Pods-ReactNativeBoilerplateCommonPods-ReactNativeBoilerplateTests.release.xcconfig"; sourceTree = "<group>"; };
		7B09A70DE425CF7800EF3719 /* Pods-ReactNativeBoilerplateCommonPods-ReactNativeBoilerplate.release.xcconfig */ = {isa = PBXFileReference; includeInIndex = 1; lastKnownFileType = text.xcconfig; name = "Pods-ReactNativeBoilerplateCommonPods-ReactNativeBoilerplate.release.xcconfig"; path = "Target Support Files/Pods-ReactNativeBoilerplateCommonPods-ReactNativeBoilerplate/Pods-ReactNativeBoilerplateCommonPods-ReactNativeBoilerplate.release.xcconfig"; sourceTree = "<group>"; };
		81AB9BB72411601600AC10FF /* LaunchScreen.storyboard */ = {isa = PBXFileReference; fileEncoding = 4; lastKnownFileType = file.storyboard; name = LaunchScreen.storyboard; path = ReactNativeBoilerplate/LaunchScreen.storyboard; sourceTree = "<group>"; };
		88C18AFD35A050A626DABC64 /* libPods-ReactNativeBoilerplateCommonPods-ReactNativeBoilerplateTests.a */ = {isa = PBXFileReference; explicitFileType = archive.ar; includeInIndex = 0; path = "libPods-ReactNativeBoilerplateCommonPods-ReactNativeBoilerplateTests.a"; sourceTree = BUILT_PRODUCTS_DIR; };
		89C6BE57DB24E9ADA2F236DE /* Pods-ReactNativeBoilerplate-ReactNativeBoilerplateTests.release.xcconfig */ = {isa = PBXFileReference; includeInIndex = 1; lastKnownFileType = text.xcconfig; name = "Pods-ReactNativeBoilerplate-ReactNativeBoilerplateTests.release.xcconfig"; path = "Target Support Files/Pods-ReactNativeBoilerplate-ReactNativeBoilerplateTests/Pods-ReactNativeBoilerplate-ReactNativeBoilerplateTests.release.xcconfig"; sourceTree = "<group>"; };
		8C72958D089C4B9E9453DB0F /* SFProText-MediumItalic.otf */ = {isa = PBXFileReference; explicitFileType = undefined; fileEncoding = 9; includeInIndex = 0; lastKnownFileType = unknown; name = "SFProText-MediumItalic.otf"; path = "../src/assets/fonts/SFProText-MediumItalic.otf"; sourceTree = "<group>"; };
		90B59F8607638C92A7B0E537 /* libPods-ReactNativeBoilerplateCommonPods-ReactNativeBoilerplateUAT.a */ = {isa = PBXFileReference; explicitFileType = archive.ar; includeInIndex = 0; path = "libPods-ReactNativeBoilerplateCommonPods-ReactNativeBoilerplateUAT.a"; sourceTree = BUILT_PRODUCTS_DIR; };
		943F1AD2F75C4FE88023F927 /* SFProText-BoldItalic.otf */ = {isa = PBXFileReference; explicitFileType = undefined; fileEncoding = 9; includeInIndex = 0; lastKnownFileType = unknown; name = "SFProText-BoldItalic.otf"; path = "../src/assets/fonts/SFProText-BoldItalic.otf"; sourceTree = "<group>"; };
		95C70F7FA6C24BA68BB5C3E8 /* SFProText-LightItalic.otf */ = {isa = PBXFileReference; explicitFileType = undefined; fileEncoding = 9; includeInIndex = 0; lastKnownFileType = unknown; name = "SFProText-LightItalic.otf"; path = "../src/assets/fonts/SFProText-LightItalic.otf"; sourceTree = "<group>"; };
		99336FD0C074B7A6D3F77623 /* libPods-ReactNativeBoilerplateCommonPods-ReactNativeBoilerplateDev.a */ = {isa = PBXFileReference; explicitFileType = archive.ar; includeInIndex = 0; path = "libPods-ReactNativeBoilerplateCommonPods-ReactNativeBoilerplateDev.a"; sourceTree = BUILT_PRODUCTS_DIR; };
		A678708F0DFA46F18132CEF7 /* SFProText-Light.otf */ = {isa = PBXFileReference; explicitFileType = undefined; fileEncoding = 9; includeInIndex = 0; lastKnownFileType = unknown; name = "SFProText-Light.otf"; path = "../src/assets/fonts/SFProText-Light.otf"; sourceTree = "<group>"; };
		A9E07F3D60F148EBBB04F6DB /* SFProText-Regular.otf */ = {isa = PBXFileReference; explicitFileType = undefined; fileEncoding = 9; includeInIndex = 0; lastKnownFileType = unknown; name = "SFProText-Regular.otf"; path = "../src/assets/fonts/SFProText-Regular.otf"; sourceTree = "<group>"; };
		C422ABA24EC11514727281FE /* libPods-ReactNativeBoilerplateCommonPods-ReactNativeBoilerplate.a */ = {isa = PBXFileReference; explicitFileType = archive.ar; includeInIndex = 0; path = "libPods-ReactNativeBoilerplateCommonPods-ReactNativeBoilerplate.a"; sourceTree = BUILT_PRODUCTS_DIR; };
		C66A5C212E0F4030A3FBF55A /* SFProText-Heavy.otf */ = {isa = PBXFileReference; explicitFileType = undefined; fileEncoding = 9; includeInIndex = 0; lastKnownFileType = unknown; name = "SFProText-Heavy.otf"; path = "../src/assets/fonts/SFProText-Heavy.otf"; sourceTree = "<group>"; };
		CB3737ADCBA94D51BF480E77 /* SFProText-Italic.otf */ = {isa = PBXFileReference; explicitFileType = undefined; fileEncoding = 9; includeInIndex = 0; lastKnownFileType = unknown; name = "SFProText-Italic.otf"; path = "../src/assets/fonts/SFProText-Italic.otf"; sourceTree = "<group>"; };
		CD0030521ECF3DC45C6695E6 /* Pods-ReactNativeBoilerplateCommonPods-ReactNativeBoilerplateUAT.debug.xcconfig */ = {isa = PBXFileReference; includeInIndex = 1; lastKnownFileType = text.xcconfig; name = "Pods-ReactNativeBoilerplateCommonPods-ReactNativeBoilerplateUAT.debug.xcconfig"; path = "Target Support Files/Pods-ReactNativeBoilerplateCommonPods-ReactNativeBoilerplateUAT/Pods-ReactNativeBoilerplateCommonPods-ReactNativeBoilerplateUAT.debug.xcconfig"; sourceTree = "<group>"; };
		D12C9B022AFAA5CF006C0B0B /* ReactNativeBoilerplateDev.app */ = {isa = PBXFileReference; explicitFileType = wrapper.application; includeInIndex = 0; path = ReactNativeBoilerplateDev.app; sourceTree = BUILT_PRODUCTS_DIR; };
		D12C9B152AFAA5F6006C0B0B /* ReactNativeBoilerplateUAT.app */ = {isa = PBXFileReference; explicitFileType = wrapper.application; includeInIndex = 0; path = ReactNativeBoilerplateUAT.app; sourceTree = BUILT_PRODUCTS_DIR; };
		D4B673076B144138B8E42AB0 /* SFProText-Semibold.otf */ = {isa = PBXFileReference; explicitFileType = undefined; fileEncoding = 9; includeInIndex = 0; lastKnownFileType = unknown; name = "SFProText-Semibold.otf"; path = "../src/assets/fonts/SFProText-Semibold.otf"; sourceTree = "<group>"; };
		DC51DC2896BE66255AD96602 /* Pods-ReactNativeBoilerplateCommonPods-ReactNativeBoilerplateDev.debug.xcconfig */ = {isa = PBXFileReference; includeInIndex = 1; lastKnownFileType = text.xcconfig; name = "Pods-ReactNativeBoilerplateCommonPods-ReactNativeBoilerplateDev.debug.xcconfig"; path = "Target Support Files/Pods-ReactNativeBoilerplateCommonPods-ReactNativeBoilerplateDev/Pods-ReactNativeBoilerplateCommonPods-ReactNativeBoilerplateDev.debug.xcconfig"; sourceTree = "<group>"; };
		E0C93D2FC24FBABF5275631F /* Pods-ReactNativeBoilerplateCommonPods-ReactNativeBoilerplateDev.release.xcconfig */ = {isa = PBXFileReference; includeInIndex = 1; lastKnownFileType = text.xcconfig; name = "Pods-ReactNativeBoilerplateCommonPods-ReactNativeBoilerplateDev.release.xcconfig"; path = "Target Support Files/Pods-ReactNativeBoilerplateCommonPods-ReactNativeBoilerplateDev/Pods-ReactNativeBoilerplateCommonPods-ReactNativeBoilerplateDev.release.xcconfig"; sourceTree = "<group>"; };
		ED297162215061F000B7C4FE /* JavaScriptCore.framework */ = {isa = PBXFileReference; lastKnownFileType = wrapper.framework; name = JavaScriptCore.framework; path = System/Library/Frameworks/JavaScriptCore.framework; sourceTree = SDKROOT; };
		F4D026E8EC744F8183F69342 /* SFProText-Bold.otf */ = {isa = PBXFileReference; explicitFileType = undefined; fileEncoding = 9; includeInIndex = 0; lastKnownFileType = unknown; name = "SFProText-Bold.otf"; path = "../src/assets/fonts/SFProText-Bold.otf"; sourceTree = "<group>"; };
/* End PBXFileReference section */

/* Begin PBXFrameworksBuildPhase section */
		00E356EB1AD99517003FC87E /* Frameworks */ = {
			isa = PBXFrameworksBuildPhase;
			buildActionMask = 2147483647;
			files = (
				30BD9EE662618F571E2159A4 /* libPods-ReactNativeBoilerplateCommonPods-ReactNativeBoilerplateTests.a in Frameworks */,
			);
			runOnlyForDeploymentPostprocessing = 0;
		};
		13B07F8C1A680F5B00A75B9A /* Frameworks */ = {
			isa = PBXFrameworksBuildPhase;
			buildActionMask = 2147483647;
			files = (
				492DD8AB0F3AE73360187305 /* libPods-ReactNativeBoilerplateCommonPods-ReactNativeBoilerplate.a in Frameworks */,
			);
			runOnlyForDeploymentPostprocessing = 0;
		};
		D12C9AF72AFAA5CF006C0B0B /* Frameworks */ = {
			isa = PBXFrameworksBuildPhase;
			buildActionMask = 2147483647;
			files = (
				B19BDA2282CBC809F359D6E4 /* libPods-ReactNativeBoilerplateCommonPods-ReactNativeBoilerplateDev.a in Frameworks */,
			);
			runOnlyForDeploymentPostprocessing = 0;
		};
		D12C9B0A2AFAA5F6006C0B0B /* Frameworks */ = {
			isa = PBXFrameworksBuildPhase;
			buildActionMask = 2147483647;
			files = (
				0679FEC63BF1B6F87BF90E48 /* libPods-ReactNativeBoilerplateCommonPods-ReactNativeBoilerplateUAT.a in Frameworks */,
			);
			runOnlyForDeploymentPostprocessing = 0;
		};
/* End PBXFrameworksBuildPhase section */

/* Begin PBXGroup section */
		13B07FAE1A68108700A75B9A /* ReactNativeBoilerplate */ = {
			isa = PBXGroup;
			children = (
				13B07FAF1A68108700A75B9A /* AppDelegate.h */,
				13B07FB01A68108700A75B9A /* AppDelegate.mm */,
				13B07FB51A68108700A75B9A /* Images.xcassets */,
				13B07FB61A68108700A75B9A /* Info.plist */,
				81AB9BB72411601600AC10FF /* LaunchScreen.storyboard */,
				13B07FB71A68108700A75B9A /* main.m */,
			);
			name = ReactNativeBoilerplate;
			sourceTree = "<group>";
		};
		2D16E6871FA4F8E400B85C8A /* Frameworks */ = {
			isa = PBXGroup;
			children = (
				ED297162215061F000B7C4FE /* JavaScriptCore.framework */,
				C422ABA24EC11514727281FE /* libPods-ReactNativeBoilerplateCommonPods-ReactNativeBoilerplate.a */,
				99336FD0C074B7A6D3F77623 /* libPods-ReactNativeBoilerplateCommonPods-ReactNativeBoilerplateDev.a */,
				88C18AFD35A050A626DABC64 /* libPods-ReactNativeBoilerplateCommonPods-ReactNativeBoilerplateTests.a */,
				90B59F8607638C92A7B0E537 /* libPods-ReactNativeBoilerplateCommonPods-ReactNativeBoilerplateUAT.a */,
			);
			name = Frameworks;
			sourceTree = "<group>";
		};
		41054C0EFBD3497BB5678108 /* Resources */ = {
			isa = PBXGroup;
			children = (
				F4D026E8EC744F8183F69342 /* SFProText-Bold.otf */,
				943F1AD2F75C4FE88023F927 /* SFProText-BoldItalic.otf */,
				C66A5C212E0F4030A3FBF55A /* SFProText-Heavy.otf */,
				73A31BAF485A4EE3BA2C246B /* SFProText-HeavyItalic.otf */,
				CB3737ADCBA94D51BF480E77 /* SFProText-Italic.otf */,
				A678708F0DFA46F18132CEF7 /* SFProText-Light.otf */,
				95C70F7FA6C24BA68BB5C3E8 /* SFProText-LightItalic.otf */,
				4845C46D18614D5894A8ABB5 /* SFProText-Medium.otf */,
				8C72958D089C4B9E9453DB0F /* SFProText-MediumItalic.otf */,
				A9E07F3D60F148EBBB04F6DB /* SFProText-Regular.otf */,
				D4B673076B144138B8E42AB0 /* SFProText-Semibold.otf */,
				76D73290738B4ED1917E77E0 /* SFProText-SemiboldItalic.otf */,
			);
			name = Resources;
			sourceTree = "<group>";
		};
		832341AE1AAA6A7D00B99B32 /* Libraries */ = {
			isa = PBXGroup;
			children = (
			);
			name = Libraries;
			sourceTree = "<group>";
		};
		83CBB9F61A601CBA00E9B192 = {
			isa = PBXGroup;
			children = (
				13B07FAE1A68108700A75B9A /* ReactNativeBoilerplate */,
				832341AE1AAA6A7D00B99B32 /* Libraries */,
				83CBBA001A601CBA00E9B192 /* Products */,
				2D16E6871FA4F8E400B85C8A /* Frameworks */,
				BBD78D7AC51CEA395F1C20DB /* Pods */,
				41054C0EFBD3497BB5678108 /* Resources */,
			);
			indentWidth = 2;
			sourceTree = "<group>";
			tabWidth = 2;
			usesTabs = 0;
		};
		83CBBA001A601CBA00E9B192 /* Products */ = {
			isa = PBXGroup;
			children = (
				13B07F961A680F5B00A75B9A /* ReactNativeBoilerplate.app */,
				00E356EE1AD99517003FC87E /* ReactNativeBoilerplateTests.xctest */,
				D12C9B022AFAA5CF006C0B0B /* ReactNativeBoilerplateDev.app */,
				D12C9B152AFAA5F6006C0B0B /* ReactNativeBoilerplateUAT.app */,
			);
			name = Products;
			sourceTree = "<group>";
		};
		BBD78D7AC51CEA395F1C20DB /* Pods */ = {
			isa = PBXGroup;
			children = (
				3B4392A12AC88292D35C810B /* Pods-ReactNativeBoilerplate.debug.xcconfig */,
				5709B34CF0A7D63546082F79 /* Pods-ReactNativeBoilerplate.release.xcconfig */,
				5B7EB9410499542E8C5724F5 /* Pods-ReactNativeBoilerplate-ReactNativeBoilerplateTests.debug.xcconfig */,
				89C6BE57DB24E9ADA2F236DE /* Pods-ReactNativeBoilerplate-ReactNativeBoilerplateTests.release.xcconfig */,
				247857EF6964DAA6E9BF045C /* Pods-ReactNativeBoilerplateCommonPods-ReactNativeBoilerplate.debug.xcconfig */,
				7B09A70DE425CF7800EF3719 /* Pods-ReactNativeBoilerplateCommonPods-ReactNativeBoilerplate.release.xcconfig */,
				DC51DC2896BE66255AD96602 /* Pods-ReactNativeBoilerplateCommonPods-ReactNativeBoilerplateDev.debug.xcconfig */,
				E0C93D2FC24FBABF5275631F /* Pods-ReactNativeBoilerplateCommonPods-ReactNativeBoilerplateDev.release.xcconfig */,
				2B68DC2B0641AC28024A0BAA /* Pods-ReactNativeBoilerplateCommonPods-ReactNativeBoilerplateTests.debug.xcconfig */,
				77B0EA2D88E417CBCC501A01 /* Pods-ReactNativeBoilerplateCommonPods-ReactNativeBoilerplateTests.release.xcconfig */,
				CD0030521ECF3DC45C6695E6 /* Pods-ReactNativeBoilerplateCommonPods-ReactNativeBoilerplateUAT.debug.xcconfig */,
				646548C9AB1817C49E5DC6CD /* Pods-ReactNativeBoilerplateCommonPods-ReactNativeBoilerplateUAT.release.xcconfig */,
			);
			path = Pods;
			sourceTree = "<group>";
		};
/* End PBXGroup section */

/* Begin PBXNativeTarget section */
		00E356ED1AD99517003FC87E /* ReactNativeBoilerplateTests */ = {
			isa = PBXNativeTarget;
			buildConfigurationList = 00E357021AD99517003FC87E /* Build configuration list for PBXNativeTarget "ReactNativeBoilerplateTests" */;
			buildPhases = (
				A55EABD7B0C7F3A422A6CC61 /* [CP] Check Pods Manifest.lock */,
				00E356EA1AD99517003FC87E /* Sources */,
				00E356EB1AD99517003FC87E /* Frameworks */,
				00E356EC1AD99517003FC87E /* Resources */,
				C59DA0FBD6956966B86A3779 /* [CP] Embed Pods Frameworks */,
				F6A41C54EA430FDDC6A6ED99 /* [CP] Copy Pods Resources */,
			);
			buildRules = (
			);
			dependencies = (
				00E356F51AD99517003FC87E /* PBXTargetDependency */,
			);
			name = ReactNativeBoilerplateTests;
			productName = ReactNativeBoilerplateTests;
			productReference = 00E356EE1AD99517003FC87E /* ReactNativeBoilerplateTests.xctest */;
			productType = "com.apple.product-type.bundle.unit-test";
		};
		13B07F861A680F5B00A75B9A /* ReactNativeBoilerplate */ = {
			isa = PBXNativeTarget;
			buildConfigurationList = 13B07F931A680F5B00A75B9A /* Build configuration list for PBXNativeTarget "ReactNativeBoilerplate" */;
			buildPhases = (
				C38B50BA6285516D6DCD4F65 /* [CP] Check Pods Manifest.lock */,
				FD10A7F022414F080027D42C /* Start Packager */,
				13B07F871A680F5B00A75B9A /* Sources */,
				13B07F8C1A680F5B00A75B9A /* Frameworks */,
				13B07F8E1A680F5B00A75B9A /* Resources */,
				00DD1BFF1BD5951E006B06BC /* Bundle React Native code and images */,
				00EEFC60759A1932668264C0 /* [CP] Embed Pods Frameworks */,
				E235C05ADACE081382539298 /* [CP] Copy Pods Resources */,
			);
			buildRules = (
			);
			dependencies = (
			);
			name = ReactNativeBoilerplate;
			productName = ReactNativeBoilerplate;
			productReference = 13B07F961A680F5B00A75B9A /* ReactNativeBoilerplate.app */;
			productType = "com.apple.product-type.application";
		};
		D12C9AF12AFAA5CF006C0B0B /* ReactNativeBoilerplateDev */ = {
			isa = PBXNativeTarget;
			buildConfigurationList = D12C9AFF2AFAA5CF006C0B0B /* Build configuration list for PBXNativeTarget "ReactNativeBoilerplateDev" */;
			buildPhases = (
				D12C9AF22AFAA5CF006C0B0B /* [CP] Check Pods Manifest.lock */,
				D12C9AF32AFAA5CF006C0B0B /* Start Packager */,
				D12C9AF42AFAA5CF006C0B0B /* Sources */,
				D12C9AF72AFAA5CF006C0B0B /* Frameworks */,
				D12C9AF92AFAA5CF006C0B0B /* Resources */,
				D12C9AFC2AFAA5CF006C0B0B /* Bundle React Native code and images */,
				D12C9AFD2AFAA5CF006C0B0B /* [CP] Embed Pods Frameworks */,
				D12C9AFE2AFAA5CF006C0B0B /* [CP] Copy Pods Resources */,
			);
			buildRules = (
			);
			dependencies = (
			);
			name = ReactNativeBoilerplateDev;
			productName = ReactNativeBoilerplate;
			productReference = D12C9B022AFAA5CF006C0B0B /* ReactNativeBoilerplateDev.app */;
			productType = "com.apple.product-type.application";
		};
		D12C9B042AFAA5F6006C0B0B /* ReactNativeBoilerplateUAT */ = {
			isa = PBXNativeTarget;
			buildConfigurationList = D12C9B122AFAA5F6006C0B0B /* Build configuration list for PBXNativeTarget "ReactNativeBoilerplateUAT" */;
			buildPhases = (
				D12C9B052AFAA5F6006C0B0B /* [CP] Check Pods Manifest.lock */,
				D12C9B062AFAA5F6006C0B0B /* Start Packager */,
				D12C9B072AFAA5F6006C0B0B /* Sources */,
				D12C9B0A2AFAA5F6006C0B0B /* Frameworks */,
				D12C9B0C2AFAA5F6006C0B0B /* Resources */,
				D12C9B0F2AFAA5F6006C0B0B /* Bundle React Native code and images */,
				D12C9B102AFAA5F6006C0B0B /* [CP] Embed Pods Frameworks */,
				D12C9B112AFAA5F6006C0B0B /* [CP] Copy Pods Resources */,
			);
			buildRules = (
			);
			dependencies = (
			);
			name = ReactNativeBoilerplateUAT;
			productName = ReactNativeBoilerplate;
			productReference = D12C9B152AFAA5F6006C0B0B /* ReactNativeBoilerplateUAT.app */;
			productType = "com.apple.product-type.application";
		};
/* End PBXNativeTarget section */

/* Begin PBXProject section */
		83CBB9F71A601CBA00E9B192 /* Project object */ = {
			isa = PBXProject;
			attributes = {
				LastUpgradeCheck = 1210;
				TargetAttributes = {
					00E356ED1AD99517003FC87E = {
						CreatedOnToolsVersion = 6.2;
						TestTargetID = 13B07F861A680F5B00A75B9A;
					};
					13B07F861A680F5B00A75B9A = {
						LastSwiftMigration = 1120;
					};
				};
			};
			buildConfigurationList = 83CBB9FA1A601CBA00E9B192 /* Build configuration list for PBXProject "ReactNativeBoilerplate" */;
			compatibilityVersion = "Xcode 12.0";
			developmentRegion = en;
			hasScannedForEncodings = 0;
			knownRegions = (
				en,
				Base,
			);
			mainGroup = 83CBB9F61A601CBA00E9B192;
			productRefGroup = 83CBBA001A601CBA00E9B192 /* Products */;
			projectDirPath = "";
			projectRoot = "";
			targets = (
				13B07F861A680F5B00A75B9A /* ReactNativeBoilerplate */,
				00E356ED1AD99517003FC87E /* ReactNativeBoilerplateTests */,
				D12C9AF12AFAA5CF006C0B0B /* ReactNativeBoilerplateDev */,
				D12C9B042AFAA5F6006C0B0B /* ReactNativeBoilerplateUAT */,
			);
		};
/* End PBXProject section */

/* Begin PBXResourcesBuildPhase section */
		00E356EC1AD99517003FC87E /* Resources */ = {
			isa = PBXResourcesBuildPhase;
			buildActionMask = 2147483647;
			files = (
			);
			runOnlyForDeploymentPostprocessing = 0;
		};
		13B07F8E1A680F5B00A75B9A /* Resources */ = {
			isa = PBXResourcesBuildPhase;
			buildActionMask = 2147483647;
			files = (
				81AB9BB82411601600AC10FF /* LaunchScreen.storyboard in Resources */,
				13B07FBF1A68108700A75B9A /* Images.xcassets in Resources */,
				80DBAF52CBCC436C9F473D20 /* SFProText-Bold.otf in Resources */,
				B2B2995C59404F40A22A4973 /* SFProText-BoldItalic.otf in Resources */,
				F0684CEBF9FF4477AA13C502 /* SFProText-Heavy.otf in Resources */,
				40B56319E19D48A69AD513F9 /* SFProText-HeavyItalic.otf in Resources */,
				931F251E02E84B0C8397EB5D /* SFProText-Italic.otf in Resources */,
				350C42E1768B43FA874965AA /* SFProText-Light.otf in Resources */,
				2302DE321C2A47099BB8B7AF /* SFProText-LightItalic.otf in Resources */,
				BE655D5D5D674A009E65D9C4 /* SFProText-Medium.otf in Resources */,
				A62BE6EA6D664018BF5378D5 /* SFProText-MediumItalic.otf in Resources */,
				B7CA1671ED2046AF80295708 /* SFProText-Regular.otf in Resources */,
				785E3557F151491EA07C27C8 /* SFProText-Semibold.otf in Resources */,
				7E64E7D11ADE40CC9C6A9D60 /* SFProText-SemiboldItalic.otf in Resources */,
			);
			runOnlyForDeploymentPostprocessing = 0;
		};
		D12C9AF92AFAA5CF006C0B0B /* Resources */ = {
			isa = PBXResourcesBuildPhase;
			buildActionMask = 2147483647;
			files = (
				D190019E2B158F4600A867AE /* SFProText-Bold.otf in Resources */,
				D190019F2B158F4600A867AE /* SFProText-BoldItalic.otf in Resources */,
				D19001A02B158F4600A867AE /* SFProText-Heavy.otf in Resources */,
				D19001A12B158F4600A867AE /* SFProText-HeavyItalic.otf in Resources */,
				D19001A22B158F4600A867AE /* SFProText-Italic.otf in Resources */,
				D19001A32B158F4600A867AE /* SFProText-Light.otf in Resources */,
				D19001A42B158F4600A867AE /* SFProText-LightItalic.otf in Resources */,
				D19001A52B158F4600A867AE /* SFProText-Medium.otf in Resources */,
				D19001A62B158F4600A867AE /* SFProText-MediumItalic.otf in Resources */,
				D19001A72B158F4600A867AE /* SFProText-Regular.otf in Resources */,
				D19001A82B158F4600A867AE /* SFProText-Semibold.otf in Resources */,
				D19001A92B158F4600A867AE /* SFProText-SemiboldItalic.otf in Resources */,
				D12C9AFA2AFAA5CF006C0B0B /* LaunchScreen.storyboard in Resources */,
				D12C9AFB2AFAA5CF006C0B0B /* Images.xcassets in Resources */,
			);
			runOnlyForDeploymentPostprocessing = 0;
		};
		D12C9B0C2AFAA5F6006C0B0B /* Resources */ = {
			isa = PBXResourcesBuildPhase;
			buildActionMask = 2147483647;
			files = (
				D19001AA2B158F5000A867AE /* SFProText-Bold.otf in Resources */,
				D19001AB2B158F5000A867AE /* SFProText-BoldItalic.otf in Resources */,
				D19001AC2B158F5000A867AE /* SFProText-Heavy.otf in Resources */,
				D19001AD2B158F5000A867AE /* SFProText-HeavyItalic.otf in Resources */,
				D19001AE2B158F5000A867AE /* SFProText-Italic.otf in Resources */,
				D19001AF2B158F5000A867AE /* SFProText-Light.otf in Resources */,
				D19001B02B158F5000A867AE /* SFProText-LightItalic.otf in Resources */,
				D19001B12B158F5000A867AE /* SFProText-Medium.otf in Resources */,
				D19001B22B158F5000A867AE /* SFProText-MediumItalic.otf in Resources */,
				D19001B32B158F5000A867AE /* SFProText-Regular.otf in Resources */,
				D19001B42B158F5000A867AE /* SFProText-Semibold.otf in Resources */,
				D19001B52B158F5000A867AE /* SFProText-SemiboldItalic.otf in Resources */,
				D12C9B0D2AFAA5F6006C0B0B /* LaunchScreen.storyboard in Resources */,
				D12C9B0E2AFAA5F6006C0B0B /* Images.xcassets in Resources */,
			);
			runOnlyForDeploymentPostprocessing = 0;
		};
/* End PBXResourcesBuildPhase section */

/* Begin PBXShellScriptBuildPhase section */
		00DD1BFF1BD5951E006B06BC /* Bundle React Native code and images */ = {
			isa = PBXShellScriptBuildPhase;
			buildActionMask = 2147483647;
			files = (
			);
			inputPaths = (
				"$(SRCROOT)/.xcode.env.local",
				"$(SRCROOT)/.xcode.env",
			);
			name = "Bundle React Native code and images";
			outputPaths = (
			);
			runOnlyForDeploymentPostprocessing = 0;
			shellPath = /bin/sh;
			shellScript = "set -e\n\nWITH_ENVIRONMENT=\"../node_modules/react-native/scripts/xcode/with-environment.sh\"\nREACT_NATIVE_XCODE=\"../node_modules/react-native/scripts/react-native-xcode.sh\"\n\n/bin/sh -c \"$WITH_ENVIRONMENT $REACT_NATIVE_XCODE\"\n";
		};
		00EEFC60759A1932668264C0 /* [CP] Embed Pods Frameworks */ = {
			isa = PBXShellScriptBuildPhase;
			buildActionMask = 2147483647;
			files = (
			);
			inputFileListPaths = (
				"${PODS_ROOT}/Target Support Files/Pods-ReactNativeBoilerplateCommonPods-ReactNativeBoilerplate/Pods-ReactNativeBoilerplateCommonPods-ReactNativeBoilerplate-frameworks-${CONFIGURATION}-input-files.xcfilelist",
			);
			name = "[CP] Embed Pods Frameworks";
			outputFileListPaths = (
				"${PODS_ROOT}/Target Support Files/Pods-ReactNativeBoilerplateCommonPods-ReactNativeBoilerplate/Pods-ReactNativeBoilerplateCommonPods-ReactNativeBoilerplate-frameworks-${CONFIGURATION}-output-files.xcfilelist",
			);
			runOnlyForDeploymentPostprocessing = 0;
			shellPath = /bin/sh;
			shellScript = "\"${PODS_ROOT}/Target Support Files/Pods-ReactNativeBoilerplateCommonPods-ReactNativeBoilerplate/Pods-ReactNativeBoilerplateCommonPods-ReactNativeBoilerplate-frameworks.sh\"\n";
			showEnvVarsInLog = 0;
		};
		A55EABD7B0C7F3A422A6CC61 /* [CP] Check Pods Manifest.lock */ = {
			isa = PBXShellScriptBuildPhase;
			buildActionMask = 2147483647;
			files = (
			);
			inputFileListPaths = (
			);
			inputPaths = (
				"${PODS_PODFILE_DIR_PATH}/Podfile.lock",
				"${PODS_ROOT}/Manifest.lock",
			);
			name = "[CP] Check Pods Manifest.lock";
			outputFileListPaths = (
			);
			outputPaths = (
				"$(DERIVED_FILE_DIR)/Pods-ReactNativeBoilerplateCommonPods-ReactNativeBoilerplateTests-checkManifestLockResult.txt",
			);
			runOnlyForDeploymentPostprocessing = 0;
			shellPath = /bin/sh;
			shellScript = "diff \"${PODS_PODFILE_DIR_PATH}/Podfile.lock\" \"${PODS_ROOT}/Manifest.lock\" > /dev/null\nif [ $? != 0 ] ; then\n    # print error to STDERR\n    echo \"error: The sandbox is not in sync with the Podfile.lock. Run 'pod install' or update your CocoaPods installation.\" >&2\n    exit 1\nfi\n# This output is used by Xcode 'outputs' to avoid re-running this script phase.\necho \"SUCCESS\" > \"${SCRIPT_OUTPUT_FILE_0}\"\n";
			showEnvVarsInLog = 0;
		};
		C38B50BA6285516D6DCD4F65 /* [CP] Check Pods Manifest.lock */ = {
			isa = PBXShellScriptBuildPhase;
			buildActionMask = 2147483647;
			files = (
			);
			inputFileListPaths = (
			);
			inputPaths = (
				"${PODS_PODFILE_DIR_PATH}/Podfile.lock",
				"${PODS_ROOT}/Manifest.lock",
			);
			name = "[CP] Check Pods Manifest.lock";
			outputFileListPaths = (
			);
			outputPaths = (
				"$(DERIVED_FILE_DIR)/Pods-ReactNativeBoilerplateCommonPods-ReactNativeBoilerplate-checkManifestLockResult.txt",
			);
			runOnlyForDeploymentPostprocessing = 0;
			shellPath = /bin/sh;
			shellScript = "diff \"${PODS_PODFILE_DIR_PATH}/Podfile.lock\" \"${PODS_ROOT}/Manifest.lock\" > /dev/null\nif [ $? != 0 ] ; then\n    # print error to STDERR\n    echo \"error: The sandbox is not in sync with the Podfile.lock. Run 'pod install' or update your CocoaPods installation.\" >&2\n    exit 1\nfi\n# This output is used by Xcode 'outputs' to avoid re-running this script phase.\necho \"SUCCESS\" > \"${SCRIPT_OUTPUT_FILE_0}\"\n";
			showEnvVarsInLog = 0;
		};
		C59DA0FBD6956966B86A3779 /* [CP] Embed Pods Frameworks */ = {
			isa = PBXShellScriptBuildPhase;
			buildActionMask = 2147483647;
			files = (
			);
			inputFileListPaths = (
				"${PODS_ROOT}/Target Support Files/Pods-ReactNativeBoilerplateCommonPods-ReactNativeBoilerplateTests/Pods-ReactNativeBoilerplateCommonPods-ReactNativeBoilerplateTests-frameworks-${CONFIGURATION}-input-files.xcfilelist",
			);
			name = "[CP] Embed Pods Frameworks";
			outputFileListPaths = (
				"${PODS_ROOT}/Target Support Files/Pods-ReactNativeBoilerplateCommonPods-ReactNativeBoilerplateTests/Pods-ReactNativeBoilerplateCommonPods-ReactNativeBoilerplateTests-frameworks-${CONFIGURATION}-output-files.xcfilelist",
			);
			runOnlyForDeploymentPostprocessing = 0;
			shellPath = /bin/sh;
			shellScript = "\"${PODS_ROOT}/Target Support Files/Pods-ReactNativeBoilerplateCommonPods-ReactNativeBoilerplateTests/Pods-ReactNativeBoilerplateCommonPods-ReactNativeBoilerplateTests-frameworks.sh\"\n";
			showEnvVarsInLog = 0;
		};
		D12C9AF22AFAA5CF006C0B0B /* [CP] Check Pods Manifest.lock */ = {
			isa = PBXShellScriptBuildPhase;
			buildActionMask = 2147483647;
			files = (
			);
			inputFileListPaths = (
			);
			inputPaths = (
				"${PODS_PODFILE_DIR_PATH}/Podfile.lock",
				"${PODS_ROOT}/Manifest.lock",
			);
			name = "[CP] Check Pods Manifest.lock";
			outputFileListPaths = (
			);
			outputPaths = (
				"$(DERIVED_FILE_DIR)/Pods-ReactNativeBoilerplateCommonPods-ReactNativeBoilerplateDev-checkManifestLockResult.txt",
			);
			runOnlyForDeploymentPostprocessing = 0;
			shellPath = /bin/sh;
			shellScript = "diff \"${PODS_PODFILE_DIR_PATH}/Podfile.lock\" \"${PODS_ROOT}/Manifest.lock\" > /dev/null\nif [ $? != 0 ] ; then\n    # print error to STDERR\n    echo \"error: The sandbox is not in sync with the Podfile.lock. Run 'pod install' or update your CocoaPods installation.\" >&2\n    exit 1\nfi\n# This output is used by Xcode 'outputs' to avoid re-running this script phase.\necho \"SUCCESS\" > \"${SCRIPT_OUTPUT_FILE_0}\"\n";
			showEnvVarsInLog = 0;
		};
		D12C9AF32AFAA5CF006C0B0B /* Start Packager */ = {
			isa = PBXShellScriptBuildPhase;
			buildActionMask = 2147483647;
			files = (
			);
			inputFileListPaths = (
			);
			inputPaths = (
			);
			name = "Start Packager";
			outputFileListPaths = (
			);
			outputPaths = (
			);
			runOnlyForDeploymentPostprocessing = 0;
			shellPath = /bin/sh;
			shellScript = "export RCT_METRO_PORT=\"${RCT_METRO_PORT:=8081}\"\necho \"export RCT_METRO_PORT=${RCT_METRO_PORT}\" > \"${SRCROOT}/../node_modules/react-native/scripts/.packager.env\"\nif [ -z \"${RCT_NO_LAUNCH_PACKAGER+xxx}\" ] ; then\n  if nc -w 5 -z localhost ${RCT_METRO_PORT} ; then\n    if ! curl -s \"http://localhost:${RCT_METRO_PORT}/status\" | grep -q \"packager-status:running\" ; then\n      echo \"Port ${RCT_METRO_PORT} already in use, packager is either not running or not running correctly\"\n      exit 2\n    fi\n  else\n    open \"$SRCROOT/../node_modules/react-native/scripts/launchPackager.command\" || echo \"Can't start packager automatically\"\n  fi\nfi\n";
			showEnvVarsInLog = 0;
		};
		D12C9AFC2AFAA5CF006C0B0B /* Bundle React Native code and images */ = {
			isa = PBXShellScriptBuildPhase;
			buildActionMask = 2147483647;
			files = (
			);
			inputPaths = (
				"$(SRCROOT)/.xcode.env.local",
				"$(SRCROOT)/.xcode.env",
			);
			name = "Bundle React Native code and images";
			outputPaths = (
			);
			runOnlyForDeploymentPostprocessing = 0;
			shellPath = /bin/sh;
			shellScript = "set -e\n\nWITH_ENVIRONMENT=\"../node_modules/react-native/scripts/xcode/with-environment.sh\"\nREACT_NATIVE_XCODE=\"../node_modules/react-native/scripts/react-native-xcode.sh\"\n\n/bin/sh -c \"$WITH_ENVIRONMENT $REACT_NATIVE_XCODE\"\n";
		};
		D12C9AFD2AFAA5CF006C0B0B /* [CP] Embed Pods Frameworks */ = {
			isa = PBXShellScriptBuildPhase;
			buildActionMask = 2147483647;
			files = (
			);
			inputFileListPaths = (
				"${PODS_ROOT}/Target Support Files/Pods-ReactNativeBoilerplateCommonPods-ReactNativeBoilerplateDev/Pods-ReactNativeBoilerplateCommonPods-ReactNativeBoilerplateDev-frameworks-${CONFIGURATION}-input-files.xcfilelist",
			);
			name = "[CP] Embed Pods Frameworks";
			outputFileListPaths = (
				"${PODS_ROOT}/Target Support Files/Pods-ReactNativeBoilerplateCommonPods-ReactNativeBoilerplateDev/Pods-ReactNativeBoilerplateCommonPods-ReactNativeBoilerplateDev-frameworks-${CONFIGURATION}-output-files.xcfilelist",
			);
			runOnlyForDeploymentPostprocessing = 0;
			shellPath = /bin/sh;
			shellScript = "\"${PODS_ROOT}/Target Support Files/Pods-ReactNativeBoilerplateCommonPods-ReactNativeBoilerplateDev/Pods-ReactNativeBoilerplateCommonPods-ReactNativeBoilerplateDev-frameworks.sh\"\n";
			showEnvVarsInLog = 0;
		};
		D12C9AFE2AFAA5CF006C0B0B /* [CP] Copy Pods Resources */ = {
			isa = PBXShellScriptBuildPhase;
			buildActionMask = 2147483647;
			files = (
			);
			inputFileListPaths = (
				"${PODS_ROOT}/Target Support Files/Pods-ReactNativeBoilerplateCommonPods-ReactNativeBoilerplateDev/Pods-ReactNativeBoilerplateCommonPods-ReactNativeBoilerplateDev-resources-${CONFIGURATION}-input-files.xcfilelist",
			);
			name = "[CP] Copy Pods Resources";
			outputFileListPaths = (
				"${PODS_ROOT}/Target Support Files/Pods-ReactNativeBoilerplateCommonPods-ReactNativeBoilerplateDev/Pods-ReactNativeBoilerplateCommonPods-ReactNativeBoilerplateDev-resources-${CONFIGURATION}-output-files.xcfilelist",
			);
			runOnlyForDeploymentPostprocessing = 0;
			shellPath = /bin/sh;
			shellScript = "\"${PODS_ROOT}/Target Support Files/Pods-ReactNativeBoilerplateCommonPods-ReactNativeBoilerplateDev/Pods-ReactNativeBoilerplateCommonPods-ReactNativeBoilerplateDev-resources.sh\"\n";
			showEnvVarsInLog = 0;
		};
		D12C9B052AFAA5F6006C0B0B /* [CP] Check Pods Manifest.lock */ = {
			isa = PBXShellScriptBuildPhase;
			buildActionMask = 2147483647;
			files = (
			);
			inputFileListPaths = (
			);
			inputPaths = (
				"${PODS_PODFILE_DIR_PATH}/Podfile.lock",
				"${PODS_ROOT}/Manifest.lock",
			);
			name = "[CP] Check Pods Manifest.lock";
			outputFileListPaths = (
			);
			outputPaths = (
				"$(DERIVED_FILE_DIR)/Pods-ReactNativeBoilerplateCommonPods-ReactNativeBoilerplateUAT-checkManifestLockResult.txt",
			);
			runOnlyForDeploymentPostprocessing = 0;
			shellPath = /bin/sh;
			shellScript = "diff \"${PODS_PODFILE_DIR_PATH}/Podfile.lock\" \"${PODS_ROOT}/Manifest.lock\" > /dev/null\nif [ $? != 0 ] ; then\n    # print error to STDERR\n    echo \"error: The sandbox is not in sync with the Podfile.lock. Run 'pod install' or update your CocoaPods installation.\" >&2\n    exit 1\nfi\n# This output is used by Xcode 'outputs' to avoid re-running this script phase.\necho \"SUCCESS\" > \"${SCRIPT_OUTPUT_FILE_0}\"\n";
			showEnvVarsInLog = 0;
		};
		D12C9B062AFAA5F6006C0B0B /* Start Packager */ = {
			isa = PBXShellScriptBuildPhase;
			buildActionMask = 2147483647;
			files = (
			);
			inputFileListPaths = (
			);
			inputPaths = (
			);
			name = "Start Packager";
			outputFileListPaths = (
			);
			outputPaths = (
			);
			runOnlyForDeploymentPostprocessing = 0;
			shellPath = /bin/sh;
			shellScript = "export RCT_METRO_PORT=\"${RCT_METRO_PORT:=8081}\"\necho \"export RCT_METRO_PORT=${RCT_METRO_PORT}\" > \"${SRCROOT}/../node_modules/react-native/scripts/.packager.env\"\nif [ -z \"${RCT_NO_LAUNCH_PACKAGER+xxx}\" ] ; then\n  if nc -w 5 -z localhost ${RCT_METRO_PORT} ; then\n    if ! curl -s \"http://localhost:${RCT_METRO_PORT}/status\" | grep -q \"packager-status:running\" ; then\n      echo \"Port ${RCT_METRO_PORT} already in use, packager is either not running or not running correctly\"\n      exit 2\n    fi\n  else\n    open \"$SRCROOT/../node_modules/react-native/scripts/launchPackager.command\" || echo \"Can't start packager automatically\"\n  fi\nfi\n";
			showEnvVarsInLog = 0;
		};
		D12C9B0F2AFAA5F6006C0B0B /* Bundle React Native code and images */ = {
			isa = PBXShellScriptBuildPhase;
			buildActionMask = 2147483647;
			files = (
			);
			inputPaths = (
				"$(SRCROOT)/.xcode.env.local",
				"$(SRCROOT)/.xcode.env",
			);
			name = "Bundle React Native code and images";
			outputPaths = (
			);
			runOnlyForDeploymentPostprocessing = 0;
			shellPath = /bin/sh;
			shellScript = "set -e\n\nWITH_ENVIRONMENT=\"../node_modules/react-native/scripts/xcode/with-environment.sh\"\nREACT_NATIVE_XCODE=\"../node_modules/react-native/scripts/react-native-xcode.sh\"\n\n/bin/sh -c \"$WITH_ENVIRONMENT $REACT_NATIVE_XCODE\"\n";
		};
		D12C9B102AFAA5F6006C0B0B /* [CP] Embed Pods Frameworks */ = {
			isa = PBXShellScriptBuildPhase;
			buildActionMask = 2147483647;
			files = (
			);
			inputFileListPaths = (
				"${PODS_ROOT}/Target Support Files/Pods-ReactNativeBoilerplateCommonPods-ReactNativeBoilerplateUAT/Pods-ReactNativeBoilerplateCommonPods-ReactNativeBoilerplateUAT-frameworks-${CONFIGURATION}-input-files.xcfilelist",
			);
			name = "[CP] Embed Pods Frameworks";
			outputFileListPaths = (
				"${PODS_ROOT}/Target Support Files/Pods-ReactNativeBoilerplateCommonPods-ReactNativeBoilerplateUAT/Pods-ReactNativeBoilerplateCommonPods-ReactNativeBoilerplateUAT-frameworks-${CONFIGURATION}-output-files.xcfilelist",
			);
			runOnlyForDeploymentPostprocessing = 0;
			shellPath = /bin/sh;
			shellScript = "\"${PODS_ROOT}/Target Support Files/Pods-ReactNativeBoilerplateCommonPods-ReactNativeBoilerplateUAT/Pods-ReactNativeBoilerplateCommonPods-ReactNativeBoilerplateUAT-frameworks.sh\"\n";
			showEnvVarsInLog = 0;
		};
		D12C9B112AFAA5F6006C0B0B /* [CP] Copy Pods Resources */ = {
			isa = PBXShellScriptBuildPhase;
			buildActionMask = 2147483647;
			files = (
			);
			inputFileListPaths = (
				"${PODS_ROOT}/Target Support Files/Pods-ReactNativeBoilerplateCommonPods-ReactNativeBoilerplateUAT/Pods-ReactNativeBoilerplateCommonPods-ReactNativeBoilerplateUAT-resources-${CONFIGURATION}-input-files.xcfilelist",
			);
			name = "[CP] Copy Pods Resources";
			outputFileListPaths = (
				"${PODS_ROOT}/Target Support Files/Pods-ReactNativeBoilerplateCommonPods-ReactNativeBoilerplateUAT/Pods-ReactNativeBoilerplateCommonPods-ReactNativeBoilerplateUAT-resources-${CONFIGURATION}-output-files.xcfilelist",
			);
			runOnlyForDeploymentPostprocessing = 0;
			shellPath = /bin/sh;
			shellScript = "\"${PODS_ROOT}/Target Support Files/Pods-ReactNativeBoilerplateCommonPods-ReactNativeBoilerplateUAT/Pods-ReactNativeBoilerplateCommonPods-ReactNativeBoilerplateUAT-resources.sh\"\n";
			showEnvVarsInLog = 0;
		};
		E235C05ADACE081382539298 /* [CP] Copy Pods Resources */ = {
			isa = PBXShellScriptBuildPhase;
			buildActionMask = 2147483647;
			files = (
			);
			inputFileListPaths = (
				"${PODS_ROOT}/Target Support Files/Pods-ReactNativeBoilerplateCommonPods-ReactNativeBoilerplate/Pods-ReactNativeBoilerplateCommonPods-ReactNativeBoilerplate-resources-${CONFIGURATION}-input-files.xcfilelist",
			);
			name = "[CP] Copy Pods Resources";
			outputFileListPaths = (
				"${PODS_ROOT}/Target Support Files/Pods-ReactNativeBoilerplateCommonPods-ReactNativeBoilerplate/Pods-ReactNativeBoilerplateCommonPods-ReactNativeBoilerplate-resources-${CONFIGURATION}-output-files.xcfilelist",
			);
			runOnlyForDeploymentPostprocessing = 0;
			shellPath = /bin/sh;
			shellScript = "\"${PODS_ROOT}/Target Support Files/Pods-ReactNativeBoilerplateCommonPods-ReactNativeBoilerplate/Pods-ReactNativeBoilerplateCommonPods-ReactNativeBoilerplate-resources.sh\"\n";
			showEnvVarsInLog = 0;
		};
		F6A41C54EA430FDDC6A6ED99 /* [CP] Copy Pods Resources */ = {
			isa = PBXShellScriptBuildPhase;
			buildActionMask = 2147483647;
			files = (
			);
			inputFileListPaths = (
				"${PODS_ROOT}/Target Support Files/Pods-ReactNativeBoilerplateCommonPods-ReactNativeBoilerplateTests/Pods-ReactNativeBoilerplateCommonPods-ReactNativeBoilerplateTests-resources-${CONFIGURATION}-input-files.xcfilelist",
			);
			name = "[CP] Copy Pods Resources";
			outputFileListPaths = (
				"${PODS_ROOT}/Target Support Files/Pods-ReactNativeBoilerplateCommonPods-ReactNativeBoilerplateTests/Pods-ReactNativeBoilerplateCommonPods-ReactNativeBoilerplateTests-resources-${CONFIGURATION}-output-files.xcfilelist",
			);
			runOnlyForDeploymentPostprocessing = 0;
			shellPath = /bin/sh;
			shellScript = "\"${PODS_ROOT}/Target Support Files/Pods-ReactNativeBoilerplateCommonPods-ReactNativeBoilerplateTests/Pods-ReactNativeBoilerplateCommonPods-ReactNativeBoilerplateTests-resources.sh\"\n";
			showEnvVarsInLog = 0;
		};
		FD10A7F022414F080027D42C /* Start Packager */ = {
			isa = PBXShellScriptBuildPhase;
			buildActionMask = 2147483647;
			files = (
			);
			inputFileListPaths = (
			);
			inputPaths = (
			);
			name = "Start Packager";
			outputFileListPaths = (
			);
			outputPaths = (
			);
			runOnlyForDeploymentPostprocessing = 0;
			shellPath = /bin/sh;
			shellScript = "export RCT_METRO_PORT=\"${RCT_METRO_PORT:=8081}\"\necho \"export RCT_METRO_PORT=${RCT_METRO_PORT}\" > \"${SRCROOT}/../node_modules/react-native/scripts/.packager.env\"\nif [ -z \"${RCT_NO_LAUNCH_PACKAGER+xxx}\" ] ; then\n  if nc -w 5 -z localhost ${RCT_METRO_PORT} ; then\n    if ! curl -s \"http://localhost:${RCT_METRO_PORT}/status\" | grep -q \"packager-status:running\" ; then\n      echo \"Port ${RCT_METRO_PORT} already in use, packager is either not running or not running correctly\"\n      exit 2\n    fi\n  else\n    open \"$SRCROOT/../node_modules/react-native/scripts/launchPackager.command\" || echo \"Can't start packager automatically\"\n  fi\nfi\n";
			showEnvVarsInLog = 0;
		};
/* End PBXShellScriptBuildPhase section */

/* Begin PBXSourcesBuildPhase section */
		00E356EA1AD99517003FC87E /* Sources */ = {
			isa = PBXSourcesBuildPhase;
			buildActionMask = 2147483647;
			files = (
			);
			runOnlyForDeploymentPostprocessing = 0;
		};
		13B07F871A680F5B00A75B9A /* Sources */ = {
			isa = PBXSourcesBuildPhase;
			buildActionMask = 2147483647;
			files = (
				13B07FBC1A68108700A75B9A /* AppDelegate.mm in Sources */,
				13B07FC11A68108700A75B9A /* main.m in Sources */,
			);
			runOnlyForDeploymentPostprocessing = 0;
		};
		D12C9AF42AFAA5CF006C0B0B /* Sources */ = {
			isa = PBXSourcesBuildPhase;
			buildActionMask = 2147483647;
			files = (
				D12C9AF52AFAA5CF006C0B0B /* AppDelegate.mm in Sources */,
				D12C9AF62AFAA5CF006C0B0B /* main.m in Sources */,
			);
			runOnlyForDeploymentPostprocessing = 0;
		};
		D12C9B072AFAA5F6006C0B0B /* Sources */ = {
			isa = PBXSourcesBuildPhase;
			buildActionMask = 2147483647;
			files = (
				D12C9B082AFAA5F6006C0B0B /* AppDelegate.mm in Sources */,
				D12C9B092AFAA5F6006C0B0B /* main.m in Sources */,
			);
			runOnlyForDeploymentPostprocessing = 0;
		};
/* End PBXSourcesBuildPhase section */

/* Begin PBXTargetDependency section */
		00E356F51AD99517003FC87E /* PBXTargetDependency */ = {
			isa = PBXTargetDependency;
			target = 13B07F861A680F5B00A75B9A /* ReactNativeBoilerplate */;
			targetProxy = 00E356F41AD99517003FC87E /* PBXContainerItemProxy */;
		};
/* End PBXTargetDependency section */

/* Begin XCBuildConfiguration section */
		00E356F61AD99517003FC87E /* Debug */ = {
			isa = XCBuildConfiguration;
			baseConfigurationReference = 2B68DC2B0641AC28024A0BAA /* Pods-ReactNativeBoilerplateCommonPods-ReactNativeBoilerplateTests.debug.xcconfig */;
			buildSettings = {
				BUNDLE_LOADER = "$(TEST_HOST)";
				GCC_PREPROCESSOR_DEFINITIONS = (
					"DEBUG=1",
					"$(inherited)",
				);
				INFOPLIST_FILE = ReactNativeBoilerplateTests/Info.plist;
				IPHONEOS_DEPLOYMENT_TARGET = 12.4;
				LD_RUNPATH_SEARCH_PATHS = (
					"$(inherited)",
					"@executable_path/Frameworks",
					"@loader_path/Frameworks",
				);
				OTHER_LDFLAGS = (
					"-ObjC",
					"-lc++",
					"$(inherited)",
				);
				PRODUCT_BUNDLE_IDENTIFIER = "org.reactjs.native.example.$(PRODUCT_NAME:rfc1034identifier)";
				PRODUCT_NAME = "$(TARGET_NAME)";
				TEST_HOST = "$(BUILT_PRODUCTS_DIR)/ReactNativeBoilerplate.app/ReactNativeBoilerplate";
			};
			name = Debug;
		};
		00E356F71AD99517003FC87E /* Release */ = {
			isa = XCBuildConfiguration;
			baseConfigurationReference = 77B0EA2D88E417CBCC501A01 /* Pods-ReactNativeBoilerplateCommonPods-ReactNativeBoilerplateTests.release.xcconfig */;
			buildSettings = {
				BUNDLE_LOADER = "$(TEST_HOST)";
				COPY_PHASE_STRIP = NO;
				INFOPLIST_FILE = ReactNativeBoilerplateTests/Info.plist;
				IPHONEOS_DEPLOYMENT_TARGET = 12.4;
				LD_RUNPATH_SEARCH_PATHS = (
					"$(inherited)",
					"@executable_path/Frameworks",
					"@loader_path/Frameworks",
				);
				OTHER_LDFLAGS = (
					"-ObjC",
					"-lc++",
					"$(inherited)",
				);
				PRODUCT_BUNDLE_IDENTIFIER = "org.reactjs.native.example.$(PRODUCT_NAME:rfc1034identifier)";
				PRODUCT_NAME = "$(TARGET_NAME)";
				TEST_HOST = "$(BUILT_PRODUCTS_DIR)/ReactNativeBoilerplate.app/ReactNativeBoilerplate";
			};
			name = Release;
		};
		13B07F941A680F5B00A75B9A /* Debug */ = {
			isa = XCBuildConfiguration;
			baseConfigurationReference = 247857EF6964DAA6E9BF045C /* Pods-ReactNativeBoilerplateCommonPods-ReactNativeBoilerplate.debug.xcconfig */;
			buildSettings = {
				ASSETCATALOG_COMPILER_APPICON_NAME = AppIcon;
				CLANG_ENABLE_MODULES = YES;
				CURRENT_PROJECT_VERSION = 1;
				ENABLE_BITCODE = NO;
				INFOPLIST_FILE = ReactNativeBoilerplate/Info.plist;
				INFOPLIST_KEY_CFBundleDisplayName = "React Native Boilerplate";
				LD_RUNPATH_SEARCH_PATHS = (
					"$(inherited)",
					"@executable_path/Frameworks",
				);
				MARKETING_VERSION = 0.0.1;
				OTHER_LDFLAGS = (
					"$(inherited)",
					"-ObjC",
					"-lc++",
				);
				PRODUCT_BUNDLE_IDENTIFIER = com.gooner007.reactnativeboilerplate;
				PRODUCT_NAME = ReactNativeBoilerplate;
				SUPPORTED_PLATFORMS = "iphoneos iphonesimulator";
				SUPPORTS_MACCATALYST = NO;
				SUPPORTS_MAC_DESIGNED_FOR_IPHONE_IPAD = NO;
				SWIFT_OPTIMIZATION_LEVEL = "-Onone";
				SWIFT_VERSION = 5.0;
				TARGETED_DEVICE_FAMILY = "1,2";
				VERSIONING_SYSTEM = "apple-generic";
			};
			name = Debug;
		};
		13B07F951A680F5B00A75B9A /* Release */ = {
			isa = XCBuildConfiguration;
			baseConfigurationReference = 7B09A70DE425CF7800EF3719 /* Pods-ReactNativeBoilerplateCommonPods-ReactNativeBoilerplate.release.xcconfig */;
			buildSettings = {
				ASSETCATALOG_COMPILER_APPICON_NAME = AppIcon;
				CLANG_ENABLE_MODULES = YES;
				CURRENT_PROJECT_VERSION = 1;
				INFOPLIST_FILE = ReactNativeBoilerplate/Info.plist;
				INFOPLIST_KEY_CFBundleDisplayName = "React Native Boilerplate";
				LD_RUNPATH_SEARCH_PATHS = (
					"$(inherited)",
					"@executable_path/Frameworks",
				);
				MARKETING_VERSION = 0.0.1;
				OTHER_LDFLAGS = (
					"$(inherited)",
					"-ObjC",
					"-lc++",
				);
				PRODUCT_BUNDLE_IDENTIFIER = com.gooner007.reactnativeboilerplate;
				PRODUCT_NAME = ReactNativeBoilerplate;
				SUPPORTED_PLATFORMS = "iphoneos iphonesimulator";
				SUPPORTS_MACCATALYST = NO;
				SUPPORTS_MAC_DESIGNED_FOR_IPHONE_IPAD = NO;
				SWIFT_VERSION = 5.0;
				TARGETED_DEVICE_FAMILY = "1,2";
				VERSIONING_SYSTEM = "apple-generic";
			};
			name = Release;
		};
		83CBBA201A601CBA00E9B192 /* Debug */ = {
			isa = XCBuildConfiguration;
			buildSettings = {
				ALWAYS_SEARCH_USER_PATHS = NO;
				CLANG_ANALYZER_LOCALIZABILITY_NONLOCALIZED = YES;
				CLANG_CXX_LANGUAGE_STANDARD = "c++17";
				CLANG_CXX_LIBRARY = "libc++";
				CLANG_ENABLE_MODULES = YES;
				CLANG_ENABLE_OBJC_ARC = YES;
				CLANG_WARN_BLOCK_CAPTURE_AUTORELEASING = YES;
				CLANG_WARN_BOOL_CONVERSION = YES;
				CLANG_WARN_COMMA = YES;
				CLANG_WARN_CONSTANT_CONVERSION = YES;
				CLANG_WARN_DEPRECATED_OBJC_IMPLEMENTATIONS = YES;
				CLANG_WARN_DIRECT_OBJC_ISA_USAGE = YES_ERROR;
				CLANG_WARN_EMPTY_BODY = YES;
				CLANG_WARN_ENUM_CONVERSION = YES;
				CLANG_WARN_INFINITE_RECURSION = YES;
				CLANG_WARN_INT_CONVERSION = YES;
				CLANG_WARN_NON_LITERAL_NULL_CONVERSION = YES;
				CLANG_WARN_OBJC_IMPLICIT_RETAIN_SELF = YES;
				CLANG_WARN_OBJC_LITERAL_CONVERSION = YES;
				CLANG_WARN_OBJC_ROOT_CLASS = YES_ERROR;
				CLANG_WARN_QUOTED_INCLUDE_IN_FRAMEWORK_HEADER = YES;
				CLANG_WARN_RANGE_LOOP_ANALYSIS = YES;
				CLANG_WARN_STRICT_PROTOTYPES = YES;
				CLANG_WARN_SUSPICIOUS_MOVE = YES;
				CLANG_WARN_UNREACHABLE_CODE = YES;
				CLANG_WARN__DUPLICATE_METHOD_MATCH = YES;
				"CODE_SIGN_IDENTITY[sdk=iphoneos*]" = "iPhone Developer";
				COPY_PHASE_STRIP = NO;
				ENABLE_STRICT_OBJC_MSGSEND = YES;
				ENABLE_TESTABILITY = YES;
				"EXCLUDED_ARCHS[sdk=iphonesimulator*]" = i386;
				GCC_C_LANGUAGE_STANDARD = gnu99;
				GCC_DYNAMIC_NO_PIC = NO;
				GCC_NO_COMMON_BLOCKS = YES;
				GCC_OPTIMIZATION_LEVEL = 0;
				GCC_PREPROCESSOR_DEFINITIONS = (
					"DEBUG=1",
					"$(inherited)",
					_LIBCPP_ENABLE_CXX17_REMOVED_UNARY_BINARY_FUNCTION,
				);
				GCC_SYMBOLS_PRIVATE_EXTERN = NO;
				GCC_WARN_64_TO_32_BIT_CONVERSION = YES;
				GCC_WARN_ABOUT_RETURN_TYPE = YES_ERROR;
				GCC_WARN_UNDECLARED_SELECTOR = YES;
				GCC_WARN_UNINITIALIZED_AUTOS = YES_AGGRESSIVE;
				GCC_WARN_UNUSED_FUNCTION = YES;
				GCC_WARN_UNUSED_VARIABLE = YES;
				IPHONEOS_DEPLOYMENT_TARGET = 12.4;
				LD_RUNPATH_SEARCH_PATHS = (
					/usr/lib/swift,
					"$(inherited)",
				);
				LIBRARY_SEARCH_PATHS = (
					"\"$(SDKROOT)/usr/lib/swift\"",
					"\"$(TOOLCHAIN_DIR)/usr/lib/swift/$(PLATFORM_NAME)\"",
					"\"$(inherited)\"",
				);
				MTL_ENABLE_DEBUG_INFO = YES;
				ONLY_ACTIVE_ARCH = YES;
				OTHER_CFLAGS = "$(inherited)";
				OTHER_CPLUSPLUSFLAGS = (
					"$(OTHER_CFLAGS)",
					"-DFOLLY_NO_CONFIG",
					"-DFOLLY_MOBILE=1",
					"-DFOLLY_USE_LIBCPP=1",
				);
				OTHER_LDFLAGS = (
					"$(inherited)",
					"-Wl",
					"-ld_classic",
				);
				REACT_NATIVE_PATH = "${PODS_ROOT}/../../node_modules/react-native";
				SDKROOT = iphoneos;
			};
			name = Debug;
		};
		83CBBA211A601CBA00E9B192 /* Release */ = {
			isa = XCBuildConfiguration;
			buildSettings = {
				ALWAYS_SEARCH_USER_PATHS = NO;
				CLANG_ANALYZER_LOCALIZABILITY_NONLOCALIZED = YES;
				CLANG_CXX_LANGUAGE_STANDARD = "c++17";
				CLANG_CXX_LIBRARY = "libc++";
				CLANG_ENABLE_MODULES = YES;
				CLANG_ENABLE_OBJC_ARC = YES;
				CLANG_WARN_BLOCK_CAPTURE_AUTORELEASING = YES;
				CLANG_WARN_BOOL_CONVERSION = YES;
				CLANG_WARN_COMMA = YES;
				CLANG_WARN_CONSTANT_CONVERSION = YES;
				CLANG_WARN_DEPRECATED_OBJC_IMPLEMENTATIONS = YES;
				CLANG_WARN_DIRECT_OBJC_ISA_USAGE = YES_ERROR;
				CLANG_WARN_EMPTY_BODY = YES;
				CLANG_WARN_ENUM_CONVERSION = YES;
				CLANG_WARN_INFINITE_RECURSION = YES;
				CLANG_WARN_INT_CONVERSION = YES;
				CLANG_WARN_NON_LITERAL_NULL_CONVERSION = YES;
				CLANG_WARN_OBJC_IMPLICIT_RETAIN_SELF = YES;
				CLANG_WARN_OBJC_LITERAL_CONVERSION = YES;
				CLANG_WARN_OBJC_ROOT_CLASS = YES_ERROR;
				CLANG_WARN_QUOTED_INCLUDE_IN_FRAMEWORK_HEADER = YES;
				CLANG_WARN_RANGE_LOOP_ANALYSIS = YES;
				CLANG_WARN_STRICT_PROTOTYPES = YES;
				CLANG_WARN_SUSPICIOUS_MOVE = YES;
				CLANG_WARN_UNREACHABLE_CODE = YES;
				CLANG_WARN__DUPLICATE_METHOD_MATCH = YES;
				"CODE_SIGN_IDENTITY[sdk=iphoneos*]" = "iPhone Developer";
				COPY_PHASE_STRIP = YES;
				ENABLE_NS_ASSERTIONS = NO;
				ENABLE_STRICT_OBJC_MSGSEND = YES;
				"EXCLUDED_ARCHS[sdk=iphonesimulator*]" = i386;
				GCC_C_LANGUAGE_STANDARD = gnu99;
				GCC_NO_COMMON_BLOCKS = YES;
				GCC_PREPROCESSOR_DEFINITIONS = (
					"$(inherited)",
					_LIBCPP_ENABLE_CXX17_REMOVED_UNARY_BINARY_FUNCTION,
				);
				GCC_WARN_64_TO_32_BIT_CONVERSION = YES;
				GCC_WARN_ABOUT_RETURN_TYPE = YES_ERROR;
				GCC_WARN_UNDECLARED_SELECTOR = YES;
				GCC_WARN_UNINITIALIZED_AUTOS = YES_AGGRESSIVE;
				GCC_WARN_UNUSED_FUNCTION = YES;
				GCC_WARN_UNUSED_VARIABLE = YES;
				IPHONEOS_DEPLOYMENT_TARGET = 12.4;
				LD_RUNPATH_SEARCH_PATHS = (
					/usr/lib/swift,
					"$(inherited)",
				);
				LIBRARY_SEARCH_PATHS = (
					"\"$(SDKROOT)/usr/lib/swift\"",
					"\"$(TOOLCHAIN_DIR)/usr/lib/swift/$(PLATFORM_NAME)\"",
					"\"$(inherited)\"",
				);
				MTL_ENABLE_DEBUG_INFO = NO;
				OTHER_CFLAGS = "$(inherited)";
				OTHER_CPLUSPLUSFLAGS = (
					"$(OTHER_CFLAGS)",
					"-DFOLLY_NO_CONFIG",
					"-DFOLLY_MOBILE=1",
					"-DFOLLY_USE_LIBCPP=1",
				);
				OTHER_LDFLAGS = (
					"$(inherited)",
					"-Wl",
					"-ld_classic",
				);
				REACT_NATIVE_PATH = "${PODS_ROOT}/../../node_modules/react-native";
				SDKROOT = iphoneos;
				VALIDATE_PRODUCT = YES;
			};
			name = Release;
		};
		D12C9B002AFAA5CF006C0B0B /* Debug */ = {
			isa = XCBuildConfiguration;
			baseConfigurationReference = DC51DC2896BE66255AD96602 /* Pods-ReactNativeBoilerplateCommonPods-ReactNativeBoilerplateDev.debug.xcconfig */;
			buildSettings = {
				ASSETCATALOG_COMPILER_APPICON_NAME = AppIcon;
				CLANG_ENABLE_MODULES = YES;
				CODE_SIGN_IDENTITY = "Apple Development";
				CODE_SIGN_STYLE = Automatic;
				CURRENT_PROJECT_VERSION = 1;
				DEVELOPMENT_TEAM = "";
				ENABLE_BITCODE = NO;
				INFOPLIST_FILE = "ReactNativeBoilerplateDev-Info.plist";
				INFOPLIST_KEY_CFBundleDisplayName = "React Native Boilerplate Dev";
				LD_RUNPATH_SEARCH_PATHS = (
					"$(inherited)",
					"@executable_path/Frameworks",
				);
				MARKETING_VERSION = 1.0.0;
				OTHER_LDFLAGS = (
					"$(inherited)",
					"-ObjC",
					"-lc++",
				);
				PRODUCT_BUNDLE_IDENTIFIER = com.gooner007.reactnativeboilerplate;
				PRODUCT_NAME = "$(TARGET_NAME)";
				PROVISIONING_PROFILE_SPECIFIER = "";
				SUPPORTED_PLATFORMS = "iphoneos iphonesimulator";
				SUPPORTS_MACCATALYST = NO;
				SUPPORTS_MAC_DESIGNED_FOR_IPHONE_IPAD = NO;
				SWIFT_OPTIMIZATION_LEVEL = "-Onone";
				SWIFT_VERSION = 5.0;
				TARGETED_DEVICE_FAMILY = "1,2";
				VERSIONING_SYSTEM = "apple-generic";
			};
			name = Debug;
		};
		D12C9B012AFAA5CF006C0B0B /* Release */ = {
			isa = XCBuildConfiguration;
			baseConfigurationReference = E0C93D2FC24FBABF5275631F /* Pods-ReactNativeBoilerplateCommonPods-ReactNativeBoilerplateDev.release.xcconfig */;
			buildSettings = {
				ASSETCATALOG_COMPILER_APPICON_NAME = AppIcon;
				CLANG_ENABLE_MODULES = YES;
				CODE_SIGN_IDENTITY = "Apple Development";
				CODE_SIGN_STYLE = Automatic;
				CURRENT_PROJECT_VERSION = 1;
				DEVELOPMENT_TEAM = "";
				INFOPLIST_FILE = "ReactNativeBoilerplateDev-Info.plist";
				INFOPLIST_KEY_CFBundleDisplayName = "React Native Boilerplate Dev";
				LD_RUNPATH_SEARCH_PATHS = (
					"$(inherited)",
					"@executable_path/Frameworks",
				);
				MARKETING_VERSION = 1.0.0;
				OTHER_LDFLAGS = (
					"$(inherited)",
					"-ObjC",
					"-lc++",
				);
				PRODUCT_BUNDLE_IDENTIFIER = com.gooner007.reactnativeboilerplate;
				PRODUCT_NAME = "$(TARGET_NAME)";
				PROVISIONING_PROFILE_SPECIFIER = "";
				SUPPORTED_PLATFORMS = "iphoneos iphonesimulator";
				SUPPORTS_MACCATALYST = NO;
				SUPPORTS_MAC_DESIGNED_FOR_IPHONE_IPAD = NO;
				SWIFT_VERSION = 5.0;
				TARGETED_DEVICE_FAMILY = "1,2";
				VERSIONING_SYSTEM = "apple-generic";
			};
			name = Release;
		};
		D12C9B132AFAA5F6006C0B0B /* Debug */ = {
			isa = XCBuildConfiguration;
			baseConfigurationReference = CD0030521ECF3DC45C6695E6 /* Pods-ReactNativeBoilerplateCommonPods-ReactNativeBoilerplateUAT.debug.xcconfig */;
			buildSettings = {
				ASSETCATALOG_COMPILER_APPICON_NAME = AppIcon;
				CLANG_ENABLE_MODULES = YES;
				CURRENT_PROJECT_VERSION = 1;
				ENABLE_BITCODE = NO;
				INFOPLIST_FILE = "ReactNativeBoilerplateUAT-Info.plist";
				INFOPLIST_KEY_CFBundleDisplayName = "React Native Boilerplate UAT";
				LD_RUNPATH_SEARCH_PATHS = (
					"$(inherited)",
					"@executable_path/Frameworks",
				);
				MARKETING_VERSION = 2.0.0;
				OTHER_LDFLAGS = (
					"$(inherited)",
					"-ObjC",
					"-lc++",
				);
				PRODUCT_BUNDLE_IDENTIFIER = com.gooner007.reactnativeboilerplate;
				PRODUCT_NAME = "$(TARGET_NAME)";
				SUPPORTED_PLATFORMS = "iphoneos iphonesimulator";
				SUPPORTS_MACCATALYST = NO;
				SUPPORTS_MAC_DESIGNED_FOR_IPHONE_IPAD = NO;
				SWIFT_OPTIMIZATION_LEVEL = "-Onone";
				SWIFT_VERSION = 5.0;
				TARGETED_DEVICE_FAMILY = "1,2";
				VERSIONING_SYSTEM = "apple-generic";
			};
			name = Debug;
		};
		D12C9B142AFAA5F6006C0B0B /* Release */ = {
			isa = XCBuildConfiguration;
			baseConfigurationReference = 646548C9AB1817C49E5DC6CD /* Pods-ReactNativeBoilerplateCommonPods-ReactNativeBoilerplateUAT.release.xcconfig */;
			buildSettings = {
				ASSETCATALOG_COMPILER_APPICON_NAME = AppIcon;
				CLANG_ENABLE_MODULES = YES;
				CURRENT_PROJECT_VERSION = 1;
				INFOPLIST_FILE = "ReactNativeBoilerplateUAT-Info.plist";
				INFOPLIST_KEY_CFBundleDisplayName = "React Native Boilerplate UAT";
				LD_RUNPATH_SEARCH_PATHS = (
					"$(inherited)",
					"@executable_path/Frameworks",
				);
				MARKETING_VERSION = 2.0.0;
				OTHER_LDFLAGS = (
					"$(inherited)",
					"-ObjC",
					"-lc++",
				);
				PRODUCT_BUNDLE_IDENTIFIER = com.gooner007.reactnativeboilerplate;
				PRODUCT_NAME = "$(TARGET_NAME)";
				SUPPORTED_PLATFORMS = "iphoneos iphonesimulator";
				SUPPORTS_MACCATALYST = NO;
				SUPPORTS_MAC_DESIGNED_FOR_IPHONE_IPAD = NO;
				SWIFT_VERSION = 5.0;
				TARGETED_DEVICE_FAMILY = "1,2";
				VERSIONING_SYSTEM = "apple-generic";
			};
			name = Release;
		};
/* End XCBuildConfiguration section */

/* Begin XCConfigurationList section */
		00E357021AD99517003FC87E /* Build configuration list for PBXNativeTarget "ReactNativeBoilerplateTests" */ = {
			isa = XCConfigurationList;
			buildConfigurations = (
				00E356F61AD99517003FC87E /* Debug */,
				00E356F71AD99517003FC87E /* Release */,
			);
			defaultConfigurationIsVisible = 0;
			defaultConfigurationName = Release;
		};
		13B07F931A680F5B00A75B9A /* Build configuration list for PBXNativeTarget "ReactNativeBoilerplate" */ = {
			isa = XCConfigurationList;
			buildConfigurations = (
				13B07F941A680F5B00A75B9A /* Debug */,
				13B07F951A680F5B00A75B9A /* Release */,
			);
			defaultConfigurationIsVisible = 0;
			defaultConfigurationName = Release;
		};
		83CBB9FA1A601CBA00E9B192 /* Build configuration list for PBXProject "ReactNativeBoilerplate" */ = {
			isa = XCConfigurationList;
			buildConfigurations = (
				83CBBA201A601CBA00E9B192 /* Debug */,
				83CBBA211A601CBA00E9B192 /* Release */,
			);
			defaultConfigurationIsVisible = 0;
			defaultConfigurationName = Release;
		};
		D12C9AFF2AFAA5CF006C0B0B /* Build configuration list for PBXNativeTarget "ReactNativeBoilerplateDev" */ = {
			isa = XCConfigurationList;
			buildConfigurations = (
				D12C9B002AFAA5CF006C0B0B /* Debug */,
				D12C9B012AFAA5CF006C0B0B /* Release */,
			);
			defaultConfigurationIsVisible = 0;
			defaultConfigurationName = Release;
		};
		D12C9B122AFAA5F6006C0B0B /* Build configuration list for PBXNativeTarget "ReactNativeBoilerplateUAT" */ = {
			isa = XCConfigurationList;
			buildConfigurations = (
				D12C9B132AFAA5F6006C0B0B /* Debug */,
				D12C9B142AFAA5F6006C0B0B /* Release */,
			);
			defaultConfigurationIsVisible = 0;
			defaultConfigurationName = Release;
		};
/* End XCConfigurationList section */
	};
	rootObject = 83CBB9F71A601CBA00E9B192 /* Project object */;
}
